Microsoft Visual Studio Solution File, Format Version 12.00
# Visual Studio Version 17
VisualStudioVersion = 17.5.2.0
MinimumVisualStudioVersion = 10.0.40219.1
Project("{FAE04EC0-301F-11D3-BF4B-00C04F79EFBC}") = "MyGame", "MyGame\MyGame.csproj", "{B33E699F-A9CD-3448-AC9E-4101E6FD40C2}"
EndProject
Global
	GlobalSection(SolutionConfigurationPlatforms) = preSolution
		Debug|Any CPU = Debug|Any CPU
		Release|Any CPU = Release|Any CPU
	EndGlobalSection
	GlobalSection(ProjectConfigurationPlatforms) = postSolution
		{B33E699F-A9CD-3448-AC9E-4101E6FD40C2}.Debug|Any CPU.ActiveCfg = Debug|Any CPU
		{B33E699F-A9CD-3448-AC9E-4101E6FD40C2}.Debug|Any CPU.Build.0 = Debug|Any CPU
		{B33E699F-A9CD-3448-AC9E-4101E6FD40C2}.Release|Any CPU.ActiveCfg = Release|Any CPU
		{B33E699F-A9CD-3448-AC9E-4101E6FD40C2}.Release|Any CPU.Build.0 = Release|Any CPU
	EndGlobalSection
	GlobalSection(SolutionProperties) = preSolution
		HideSolutionNode = FALSE
	EndGlobalSection
	GlobalSection(ExtensibilityGlobals) = postSolution
		SolutionGuid = {C6F5DE56-529C-4F75-91FD-211D62D01E0A}
	EndGlobalSection
EndGlobal
